// !$*UTF8*$!
{
	archiveVersion = 1;
	classes = {
	};
	objectVersion = 46;
	objects = {

/* Begin PBXBuildFile section */
		3F5F53D71ECC333B00CC7F38 /* LICENSE in Resources */ = {isa = PBXBuildFile; fileRef = 3F5F53B91ECC333B00CC7F38 /* LICENSE */; };
		3F5F53D81ECC333B00CC7F38 /* MASCompositeConstraint.m in Sources */ = {isa = PBXBuildFile; fileRef = 3F5F53BC1ECC333B00CC7F38 /* MASCompositeConstraint.m */; };
		3F5F53D91ECC333B00CC7F38 /* MASConstraint.m in Sources */ = {isa = PBXBuildFile; fileRef = 3F5F53BF1ECC333B00CC7F38 /* MASConstraint.m */; };
		3F5F53DA1ECC333B00CC7F38 /* MASConstraintMaker.m in Sources */ = {isa = PBXBuildFile; fileRef = 3F5F53C11ECC333B00CC7F38 /* MASConstraintMaker.m */; };
		3F5F53DB1ECC333B00CC7F38 /* MASLayoutConstraint.m in Sources */ = {isa = PBXBuildFile; fileRef = 3F5F53C31ECC333B00CC7F38 /* MASLayoutConstraint.m */; };
		3F5F53DC1ECC333B00CC7F38 /* MASViewAttribute.m in Sources */ = {isa = PBXBuildFile; fileRef = 3F5F53C71ECC333B00CC7F38 /* MASViewAttribute.m */; };
		3F5F53DD1ECC333B00CC7F38 /* MASViewConstraint.m in Sources */ = {isa = PBXBuildFile; fileRef = 3F5F53C91ECC333B00CC7F38 /* MASViewConstraint.m */; };
		3F5F53DE1ECC333B00CC7F38 /* NSArray+MASAdditions.m in Sources */ = {isa = PBXBuildFile; fileRef = 3F5F53CB1ECC333B00CC7F38 /* NSArray+MASAdditions.m */; };
		3F5F53DF1ECC333B00CC7F38 /* NSLayoutConstraint+MASDebugAdditions.m in Sources */ = {isa = PBXBuildFile; fileRef = 3F5F53CE1ECC333B00CC7F38 /* NSLayoutConstraint+MASDebugAdditions.m */; };
		3F5F53E01ECC333B00CC7F38 /* View+MASAdditions.m in Sources */ = {isa = PBXBuildFile; fileRef = 3F5F53D01ECC333B00CC7F38 /* View+MASAdditions.m */; };
		3F5F53E11ECC333B00CC7F38 /* ViewController+MASAdditions.m in Sources */ = {isa = PBXBuildFile; fileRef = 3F5F53D31ECC333B00CC7F38 /* ViewController+MASAdditions.m */; };
		3F5F53E21ECC333B00CC7F38 /* README.md in Sources */ = {isa = PBXBuildFile; fileRef = 3F5F53D41ECC333B00CC7F38 /* README.md */; };
		3F5F53E91ECC3AC100CC7F38 /* ViewControllerNavBarHiddenConfiguation.m in Sources */ = {isa = PBXBuildFile; fileRef = 3F5F53E81ECC3AC100CC7F38 /* ViewControllerNavBarHiddenConfiguation.m */; };
		3F5F53EC1ECC3AD200CC7F38 /* BaseViewController.m in Sources */ = {isa = PBXBuildFile; fileRef = 3F5F53EB1ECC3AD200CC7F38 /* BaseViewController.m */; };
		3F5F53F01ECC424000CC7F38 /* CustomNavigationBar.m in Sources */ = {isa = PBXBuildFile; fileRef = 3F5F53EF1ECC424000CC7F38 /* CustomNavigationBar.m */; };
		844C205C1ECA9CC4001BB33F /* main.m in Sources */ = {isa = PBXBuildFile; fileRef = 844C205B1ECA9CC4001BB33F /* main.m */; };
		844C205F1ECA9CC5001BB33F /* AppDelegate.m in Sources */ = {isa = PBXBuildFile; fileRef = 844C205E1ECA9CC4001BB33F /* AppDelegate.m */; };
		844C20621ECA9CC5001BB33F /* ViewController.m in Sources */ = {isa = PBXBuildFile; fileRef = 844C20611ECA9CC5001BB33F /* ViewController.m */; };
		844C20651ECA9CC5001BB33F /* Main.storyboard in Resources */ = {isa = PBXBuildFile; fileRef = 844C20631ECA9CC5001BB33F /* Main.storyboard */; };
		844C20671ECA9CC5001BB33F /* Assets.xcassets in Resources */ = {isa = PBXBuildFile; fileRef = 844C20661ECA9CC5001BB33F /* Assets.xcassets */; };
		844C206A1ECA9CC5001BB33F /* LaunchScreen.storyboard in Resources */ = {isa = PBXBuildFile; fileRef = 844C20681ECA9CC5001BB33F /* LaunchScreen.storyboard */; };
		844C20751ECA9CC5001BB33F /* YuejianSportsTests.m in Sources */ = {isa = PBXBuildFile; fileRef = 844C20741ECA9CC5001BB33F /* YuejianSportsTests.m */; };
		844C20801ECA9CC5001BB33F /* YuejianSportsUITests.m in Sources */ = {isa = PBXBuildFile; fileRef = 844C207F1ECA9CC5001BB33F /* YuejianSportsUITests.m */; };
		844C20911ECAC7C3001BB33F /* expertViewController.m in Sources */ = {isa = PBXBuildFile; fileRef = 844C20901ECAC7C3001BB33F /* expertViewController.m */; };
		844C20951ECAC992001BB33F /* mineViewController.m in Sources */ = {isa = PBXBuildFile; fileRef = 844C20941ECAC992001BB33F /* mineViewController.m */; };
		844C20C41ECADEB3001BB33F /* homeCollectionViewCell.m in Sources */ = {isa = PBXBuildFile; fileRef = 844C20C31ECADEB3001BB33F /* homeCollectionViewCell.m */; };
		844C20C81ECAE4A7001BB33F /* HorizontalFlowLayout.m in Sources */ = {isa = PBXBuildFile; fileRef = 844C20C71ECAE4A7001BB33F /* HorizontalFlowLayout.m */; };
		84557E261ECC1AD40036235F /* couseViewController.m in Sources */ = {isa = PBXBuildFile; fileRef = 84557E251ECC1AD40036235F /* couseViewController.m */; };
/* End PBXBuildFile section */

/* Begin PBXContainerItemProxy section */
		844C20711ECA9CC5001BB33F /* PBXContainerItemProxy */ = {
			isa = PBXContainerItemProxy;
			containerPortal = 844C204F1ECA9CC4001BB33F /* Project object */;
			proxyType = 1;
			remoteGlobalIDString = 844C20561ECA9CC4001BB33F;
			remoteInfo = YuejianSports;
		};
		844C207C1ECA9CC5001BB33F /* PBXContainerItemProxy */ = {
			isa = PBXContainerItemProxy;
			containerPortal = 844C204F1ECA9CC4001BB33F /* Project object */;
			proxyType = 1;
			remoteGlobalIDString = 844C20561ECA9CC4001BB33F;
			remoteInfo = YuejianSports;
		};
/* End PBXContainerItemProxy section */

/* Begin PBXFileReference section */
		3F5F53B91ECC333B00CC7F38 /* LICENSE */ = {isa = PBXFileReference; fileEncoding = 4; lastKnownFileType = text; path = LICENSE; sourceTree = "<group>"; };
		3F5F53BB1ECC333B00CC7F38 /* MASCompositeConstraint.h */ = {isa = PBXFileReference; fileEncoding = 4; lastKnownFileType = sourcecode.c.h; path = MASCompositeConstraint.h; sourceTree = "<group>"; };
		3F5F53BC1ECC333B00CC7F38 /* MASCompositeConstraint.m */ = {isa = PBXFileReference; fileEncoding = 4; lastKnownFileType = sourcecode.c.objc; path = MASCompositeConstraint.m; sourceTree = "<group>"; };
		3F5F53BD1ECC333B00CC7F38 /* MASConstraint+Private.h */ = {isa = PBXFileReference; fileEncoding = 4; lastKnownFileType = sourcecode.c.h; path = "MASConstraint+Private.h"; sourceTree = "<group>"; };
		3F5F53BE1ECC333B00CC7F38 /* MASConstraint.h */ = {isa = PBXFileReference; fileEncoding = 4; lastKnownFileType = sourcecode.c.h; path = MASConstraint.h; sourceTree = "<group>"; };
		3F5F53BF1ECC333B00CC7F38 /* MASConstraint.m */ = {isa = PBXFileReference; fileEncoding = 4; lastKnownFileType = sourcecode.c.objc; path = MASConstraint.m; sourceTree = "<group>"; };
		3F5F53C01ECC333B00CC7F38 /* MASConstraintMaker.h */ = {isa = PBXFileReference; fileEncoding = 4; lastKnownFileType = sourcecode.c.h; path = MASConstraintMaker.h; sourceTree = "<group>"; };
		3F5F53C11ECC333B00CC7F38 /* MASConstraintMaker.m */ = {isa = PBXFileReference; fileEncoding = 4; lastKnownFileType = sourcecode.c.objc; path = MASConstraintMaker.m; sourceTree = "<group>"; };
		3F5F53C21ECC333B00CC7F38 /* MASLayoutConstraint.h */ = {isa = PBXFileReference; fileEncoding = 4; lastKnownFileType = sourcecode.c.h; path = MASLayoutConstraint.h; sourceTree = "<group>"; };
		3F5F53C31ECC333B00CC7F38 /* MASLayoutConstraint.m */ = {isa = PBXFileReference; fileEncoding = 4; lastKnownFileType = sourcecode.c.objc; path = MASLayoutConstraint.m; sourceTree = "<group>"; };
		3F5F53C41ECC333B00CC7F38 /* Masonry.h */ = {isa = PBXFileReference; fileEncoding = 4; lastKnownFileType = sourcecode.c.h; path = Masonry.h; sourceTree = "<group>"; };
		3F5F53C51ECC333B00CC7F38 /* MASUtilities.h */ = {isa = PBXFileReference; fileEncoding = 4; lastKnownFileType = sourcecode.c.h; path = MASUtilities.h; sourceTree = "<group>"; };
		3F5F53C61ECC333B00CC7F38 /* MASViewAttribute.h */ = {isa = PBXFileReference; fileEncoding = 4; lastKnownFileType = sourcecode.c.h; path = MASViewAttribute.h; sourceTree = "<group>"; };
		3F5F53C71ECC333B00CC7F38 /* MASViewAttribute.m */ = {isa = PBXFileReference; fileEncoding = 4; lastKnownFileType = sourcecode.c.objc; path = MASViewAttribute.m; sourceTree = "<group>"; };
		3F5F53C81ECC333B00CC7F38 /* MASViewConstraint.h */ = {isa = PBXFileReference; fileEncoding = 4; lastKnownFileType = sourcecode.c.h; path = MASViewConstraint.h; sourceTree = "<group>"; };
		3F5F53C91ECC333B00CC7F38 /* MASViewConstraint.m */ = {isa = PBXFileReference; fileEncoding = 4; lastKnownFileType = sourcecode.c.objc; path = MASViewConstraint.m; sourceTree = "<group>"; };
		3F5F53CA1ECC333B00CC7F38 /* NSArray+MASAdditions.h */ = {isa = PBXFileReference; fileEncoding = 4; lastKnownFileType = sourcecode.c.h; path = "NSArray+MASAdditions.h"; sourceTree = "<group>"; };
		3F5F53CB1ECC333B00CC7F38 /* NSArray+MASAdditions.m */ = {isa = PBXFileReference; fileEncoding = 4; lastKnownFileType = sourcecode.c.objc; path = "NSArray+MASAdditions.m"; sourceTree = "<group>"; };
		3F5F53CC1ECC333B00CC7F38 /* NSArray+MASShorthandAdditions.h */ = {isa = PBXFileReference; fileEncoding = 4; lastKnownFileType = sourcecode.c.h; path = "NSArray+MASShorthandAdditions.h"; sourceTree = "<group>"; };
		3F5F53CD1ECC333B00CC7F38 /* NSLayoutConstraint+MASDebugAdditions.h */ = {isa = PBXFileReference; fileEncoding = 4; lastKnownFileType = sourcecode.c.h; path = "NSLayoutConstraint+MASDebugAdditions.h"; sourceTree = "<group>"; };
		3F5F53CE1ECC333B00CC7F38 /* NSLayoutConstraint+MASDebugAdditions.m */ = {isa = PBXFileReference; fileEncoding = 4; lastKnownFileType = sourcecode.c.objc; path = "NSLayoutConstraint+MASDebugAdditions.m"; sourceTree = "<group>"; };
		3F5F53CF1ECC333B00CC7F38 /* View+MASAdditions.h */ = {isa = PBXFileReference; fileEncoding = 4; lastKnownFileType = sourcecode.c.h; path = "View+MASAdditions.h"; sourceTree = "<group>"; };
		3F5F53D01ECC333B00CC7F38 /* View+MASAdditions.m */ = {isa = PBXFileReference; fileEncoding = 4; lastKnownFileType = sourcecode.c.objc; path = "View+MASAdditions.m"; sourceTree = "<group>"; };
		3F5F53D11ECC333B00CC7F38 /* View+MASShorthandAdditions.h */ = {isa = PBXFileReference; fileEncoding = 4; lastKnownFileType = sourcecode.c.h; path = "View+MASShorthandAdditions.h"; sourceTree = "<group>"; };
		3F5F53D21ECC333B00CC7F38 /* ViewController+MASAdditions.h */ = {isa = PBXFileReference; fileEncoding = 4; lastKnownFileType = sourcecode.c.h; path = "ViewController+MASAdditions.h"; sourceTree = "<group>"; };
		3F5F53D31ECC333B00CC7F38 /* ViewController+MASAdditions.m */ = {isa = PBXFileReference; fileEncoding = 4; lastKnownFileType = sourcecode.c.objc; path = "ViewController+MASAdditions.m"; sourceTree = "<group>"; };
		3F5F53D41ECC333B00CC7F38 /* README.md */ = {isa = PBXFileReference; fileEncoding = 4; lastKnownFileType = net.daringfireball.markdown; path = README.md; sourceTree = "<group>"; };
		3F5F53E71ECC3AC100CC7F38 /* ViewControllerNavBarHiddenConfiguation.h */ = {isa = PBXFileReference; fileEncoding = 4; lastKnownFileType = sourcecode.c.h; path = ViewControllerNavBarHiddenConfiguation.h; sourceTree = "<group>"; };
		3F5F53E81ECC3AC100CC7F38 /* ViewControllerNavBarHiddenConfiguation.m */ = {isa = PBXFileReference; fileEncoding = 4; lastKnownFileType = sourcecode.c.objc; path = ViewControllerNavBarHiddenConfiguation.m; sourceTree = "<group>"; };
		3F5F53EA1ECC3AD200CC7F38 /* BaseViewController.h */ = {isa = PBXFileReference; fileEncoding = 4; lastKnownFileType = sourcecode.c.h; path = BaseViewController.h; sourceTree = "<group>"; };
		3F5F53EB1ECC3AD200CC7F38 /* BaseViewController.m */ = {isa = PBXFileReference; fileEncoding = 4; lastKnownFileType = sourcecode.c.objc; path = BaseViewController.m; sourceTree = "<group>"; };
		3F5F53EE1ECC424000CC7F38 /* CustomNavigationBar.h */ = {isa = PBXFileReference; fileEncoding = 4; lastKnownFileType = sourcecode.c.h; path = CustomNavigationBar.h; sourceTree = "<group>"; };
		3F5F53EF1ECC424000CC7F38 /* CustomNavigationBar.m */ = {isa = PBXFileReference; fileEncoding = 4; lastKnownFileType = sourcecode.c.objc; path = CustomNavigationBar.m; sourceTree = "<group>"; };
		844C20571ECA9CC4001BB33F /* YuejianSports.app */ = {isa = PBXFileReference; explicitFileType = wrapper.application; includeInIndex = 0; path = YuejianSports.app; sourceTree = BUILT_PRODUCTS_DIR; };
		844C205B1ECA9CC4001BB33F /* main.m */ = {isa = PBXFileReference; lastKnownFileType = sourcecode.c.objc; path = main.m; sourceTree = "<group>"; };
		844C205D1ECA9CC4001BB33F /* AppDelegate.h */ = {isa = PBXFileReference; lastKnownFileType = sourcecode.c.h; path = AppDelegate.h; sourceTree = "<group>"; };
		844C205E1ECA9CC4001BB33F /* AppDelegate.m */ = {isa = PBXFileReference; lastKnownFileType = sourcecode.c.objc; path = AppDelegate.m; sourceTree = "<group>"; };
		844C20601ECA9CC5001BB33F /* ViewController.h */ = {isa = PBXFileReference; lastKnownFileType = sourcecode.c.h; path = ViewController.h; sourceTree = "<group>"; };
		844C20611ECA9CC5001BB33F /* ViewController.m */ = {isa = PBXFileReference; lastKnownFileType = sourcecode.c.objc; path = ViewController.m; sourceTree = "<group>"; };
		844C20641ECA9CC5001BB33F /* Base */ = {isa = PBXFileReference; lastKnownFileType = file.storyboard; name = Base; path = Base.lproj/Main.storyboard; sourceTree = "<group>"; };
		844C20661ECA9CC5001BB33F /* Assets.xcassets */ = {isa = PBXFileReference; lastKnownFileType = folder.assetcatalog; path = Assets.xcassets; sourceTree = "<group>"; };
		844C20691ECA9CC5001BB33F /* Base */ = {isa = PBXFileReference; lastKnownFileType = file.storyboard; name = Base; path = Base.lproj/LaunchScreen.storyboard; sourceTree = "<group>"; };
		844C206B1ECA9CC5001BB33F /* Info.plist */ = {isa = PBXFileReference; lastKnownFileType = text.plist.xml; path = Info.plist; sourceTree = "<group>"; };
		844C20701ECA9CC5001BB33F /* YuejianSportsTests.xctest */ = {isa = PBXFileReference; explicitFileType = wrapper.cfbundle; includeInIndex = 0; path = YuejianSportsTests.xctest; sourceTree = BUILT_PRODUCTS_DIR; };
		844C20741ECA9CC5001BB33F /* YuejianSportsTests.m */ = {isa = PBXFileReference; lastKnownFileType = sourcecode.c.objc; path = YuejianSportsTests.m; sourceTree = "<group>"; };
		844C20761ECA9CC5001BB33F /* Info.plist */ = {isa = PBXFileReference; lastKnownFileType = text.plist.xml; path = Info.plist; sourceTree = "<group>"; };
		844C207B1ECA9CC5001BB33F /* YuejianSportsUITests.xctest */ = {isa = PBXFileReference; explicitFileType = wrapper.cfbundle; includeInIndex = 0; path = YuejianSportsUITests.xctest; sourceTree = BUILT_PRODUCTS_DIR; };
		844C207F1ECA9CC5001BB33F /* YuejianSportsUITests.m */ = {isa = PBXFileReference; lastKnownFileType = sourcecode.c.objc; path = YuejianSportsUITests.m; sourceTree = "<group>"; };
		844C20811ECA9CC5001BB33F /* Info.plist */ = {isa = PBXFileReference; lastKnownFileType = text.plist.xml; path = Info.plist; sourceTree = "<group>"; };
		844C208F1ECAC7C3001BB33F /* expertViewController.h */ = {isa = PBXFileReference; fileEncoding = 4; lastKnownFileType = sourcecode.c.h; name = expertViewController.h; path = ../expertViewController.h; sourceTree = "<group>"; };
		844C20901ECAC7C3001BB33F /* expertViewController.m */ = {isa = PBXFileReference; fileEncoding = 4; lastKnownFileType = sourcecode.c.objc; name = expertViewController.m; path = ../expertViewController.m; sourceTree = "<group>"; };
		844C20931ECAC992001BB33F /* mineViewController.h */ = {isa = PBXFileReference; fileEncoding = 4; lastKnownFileType = sourcecode.c.h; path = mineViewController.h; sourceTree = "<group>"; };
		844C20941ECAC992001BB33F /* mineViewController.m */ = {isa = PBXFileReference; fileEncoding = 4; lastKnownFileType = sourcecode.c.objc; path = mineViewController.m; sourceTree = "<group>"; };
		844C20961ECACA1B001BB33F /* Header.h */ = {isa = PBXFileReference; lastKnownFileType = sourcecode.c.h; path = Header.h; sourceTree = "<group>"; };
		844C20C21ECADEB3001BB33F /* homeCollectionViewCell.h */ = {isa = PBXFileReference; fileEncoding = 4; lastKnownFileType = sourcecode.c.h; path = homeCollectionViewCell.h; sourceTree = "<group>"; };
		844C20C31ECADEB3001BB33F /* homeCollectionViewCell.m */ = {isa = PBXFileReference; fileEncoding = 4; lastKnownFileType = sourcecode.c.objc; path = homeCollectionViewCell.m; sourceTree = "<group>"; };
		844C20C61ECAE4A7001BB33F /* HorizontalFlowLayout.h */ = {isa = PBXFileReference; fileEncoding = 4; lastKnownFileType = sourcecode.c.h; path = HorizontalFlowLayout.h; sourceTree = "<group>"; };
		844C20C71ECAE4A7001BB33F /* HorizontalFlowLayout.m */ = {isa = PBXFileReference; fileEncoding = 4; lastKnownFileType = sourcecode.c.objc; path = HorizontalFlowLayout.m; sourceTree = "<group>"; };
		84557E241ECC1AD40036235F /* couseViewController.h */ = {isa = PBXFileReference; fileEncoding = 4; lastKnownFileType = sourcecode.c.h; path = couseViewController.h; sourceTree = "<group>"; };
		84557E251ECC1AD40036235F /* couseViewController.m */ = {isa = PBXFileReference; fileEncoding = 4; lastKnownFileType = sourcecode.c.objc; path = couseViewController.m; sourceTree = "<group>"; };
/* End PBXFileReference section */

/* Begin PBXFrameworksBuildPhase section */
		844C20541ECA9CC4001BB33F /* Frameworks */ = {
			isa = PBXFrameworksBuildPhase;
			buildActionMask = 2147483647;
			files = (
			);
			runOnlyForDeploymentPostprocessing = 0;
		};
		844C206D1ECA9CC5001BB33F /* Frameworks */ = {
			isa = PBXFrameworksBuildPhase;
			buildActionMask = 2147483647;
			files = (
			);
			runOnlyForDeploymentPostprocessing = 0;
		};
		844C20781ECA9CC5001BB33F /* Frameworks */ = {
			isa = PBXFrameworksBuildPhase;
			buildActionMask = 2147483647;
			files = (
			);
			runOnlyForDeploymentPostprocessing = 0;
		};
/* End PBXFrameworksBuildPhase section */

/* Begin PBXGroup section */
		3F5F53B21ECC333B00CC7F38 /* FrameWork */ = {
			isa = PBXGroup;
			children = (
				3F5F53B81ECC333B00CC7F38 /* Masonry */,
			);
			name = FrameWork;
			path = YuejianSports/FrameWork;
			sourceTree = "<group>";
		};
		3F5F53B81ECC333B00CC7F38 /* Masonry */ = {
			isa = PBXGroup;
			children = (
				3F5F53B91ECC333B00CC7F38 /* LICENSE */,
				3F5F53BA1ECC333B00CC7F38 /* Masonry */,
				3F5F53D41ECC333B00CC7F38 /* README.md */,
			);
			path = Masonry;
			sourceTree = "<group>";
		};
		3F5F53BA1ECC333B00CC7F38 /* Masonry */ = {
			isa = PBXGroup;
			children = (
				3F5F53BB1ECC333B00CC7F38 /* MASCompositeConstraint.h */,
				3F5F53BC1ECC333B00CC7F38 /* MASCompositeConstraint.m */,
				3F5F53BD1ECC333B00CC7F38 /* MASConstraint+Private.h */,
				3F5F53BE1ECC333B00CC7F38 /* MASConstraint.h */,
				3F5F53BF1ECC333B00CC7F38 /* MASConstraint.m */,
				3F5F53C01ECC333B00CC7F38 /* MASConstraintMaker.h */,
				3F5F53C11ECC333B00CC7F38 /* MASConstraintMaker.m */,
				3F5F53C21ECC333B00CC7F38 /* MASLayoutConstraint.h */,
				3F5F53C31ECC333B00CC7F38 /* MASLayoutConstraint.m */,
				3F5F53C41ECC333B00CC7F38 /* Masonry.h */,
				3F5F53C51ECC333B00CC7F38 /* MASUtilities.h */,
				3F5F53C61ECC333B00CC7F38 /* MASViewAttribute.h */,
				3F5F53C71ECC333B00CC7F38 /* MASViewAttribute.m */,
				3F5F53C81ECC333B00CC7F38 /* MASViewConstraint.h */,
				3F5F53C91ECC333B00CC7F38 /* MASViewConstraint.m */,
				3F5F53CA1ECC333B00CC7F38 /* NSArray+MASAdditions.h */,
				3F5F53CB1ECC333B00CC7F38 /* NSArray+MASAdditions.m */,
				3F5F53CC1ECC333B00CC7F38 /* NSArray+MASShorthandAdditions.h */,
				3F5F53CD1ECC333B00CC7F38 /* NSLayoutConstraint+MASDebugAdditions.h */,
				3F5F53CE1ECC333B00CC7F38 /* NSLayoutConstraint+MASDebugAdditions.m */,
				3F5F53CF1ECC333B00CC7F38 /* View+MASAdditions.h */,
				3F5F53D01ECC333B00CC7F38 /* View+MASAdditions.m */,
				3F5F53D11ECC333B00CC7F38 /* View+MASShorthandAdditions.h */,
				3F5F53D21ECC333B00CC7F38 /* ViewController+MASAdditions.h */,
				3F5F53D31ECC333B00CC7F38 /* ViewController+MASAdditions.m */,
			);
			path = Masonry;
			sourceTree = "<group>";
		};
		3F5F53E61ECC3AC100CC7F38 /* BaseViewController */ = {
			isa = PBXGroup;
			children = (
				3F5F53E71ECC3AC100CC7F38 /* ViewControllerNavBarHiddenConfiguation.h */,
				3F5F53E81ECC3AC100CC7F38 /* ViewControllerNavBarHiddenConfiguation.m */,
				3F5F53EA1ECC3AD200CC7F38 /* BaseViewController.h */,
				3F5F53EB1ECC3AD200CC7F38 /* BaseViewController.m */,
			);
			path = BaseViewController;
			sourceTree = "<group>";
		};
		3F5F53ED1ECC421100CC7F38 /* CustomNav */ = {
			isa = PBXGroup;
			children = (
				3F5F53EE1ECC424000CC7F38 /* CustomNavigationBar.h */,
				3F5F53EF1ECC424000CC7F38 /* CustomNavigationBar.m */,
			);
			path = CustomNav;
			sourceTree = "<group>";
		};
		844C204E1ECA9CC4001BB33F = {
			isa = PBXGroup;
			children = (
				3F5F53B21ECC333B00CC7F38 /* FrameWork */,
				844C20591ECA9CC4001BB33F /* YuejianSports */,
				844C20731ECA9CC5001BB33F /* YuejianSportsTests */,
				844C207E1ECA9CC5001BB33F /* YuejianSportsUITests */,
				844C20581ECA9CC4001BB33F /* Products */,
			);
			sourceTree = "<group>";
		};
		844C20581ECA9CC4001BB33F /* Products */ = {
			isa = PBXGroup;
			children = (
				844C20571ECA9CC4001BB33F /* YuejianSports.app */,
				844C20701ECA9CC5001BB33F /* YuejianSportsTests.xctest */,
				844C207B1ECA9CC5001BB33F /* YuejianSportsUITests.xctest */,
			);
			name = Products;
			sourceTree = "<group>";
		};
		844C20591ECA9CC4001BB33F /* YuejianSports */ = {
			isa = PBXGroup;
			children = (
				844C20C11ECADE89001BB33F /* cell */,
				844C20921ECAC7DA001BB33F /* controller */,
				844C205D1ECA9CC4001BB33F /* AppDelegate.h */,
				844C205E1ECA9CC4001BB33F /* AppDelegate.m */,
				844C20601ECA9CC5001BB33F /* ViewController.h */,
				844C20611ECA9CC5001BB33F /* ViewController.m */,
				844C20631ECA9CC5001BB33F /* Main.storyboard */,
				844C20661ECA9CC5001BB33F /* Assets.xcassets */,
				844C20681ECA9CC5001BB33F /* LaunchScreen.storyboard */,
				844C206B1ECA9CC5001BB33F /* Info.plist */,
				844C205A1ECA9CC4001BB33F /* Supporting Files */,
				844C20961ECACA1B001BB33F /* Header.h */,
			);
			path = YuejianSports;
			sourceTree = "<group>";
		};
		844C205A1ECA9CC4001BB33F /* Supporting Files */ = {
			isa = PBXGroup;
			children = (
				844C205B1ECA9CC4001BB33F /* main.m */,
			);
			name = "Supporting Files";
			sourceTree = "<group>";
		};
		844C20731ECA9CC5001BB33F /* YuejianSportsTests */ = {
			isa = PBXGroup;
			children = (
				844C20741ECA9CC5001BB33F /* YuejianSportsTests.m */,
				844C20761ECA9CC5001BB33F /* Info.plist */,
			);
			path = YuejianSportsTests;
			sourceTree = "<group>";
		};
		844C207E1ECA9CC5001BB33F /* YuejianSportsUITests */ = {
			isa = PBXGroup;
			children = (
				844C207F1ECA9CC5001BB33F /* YuejianSportsUITests.m */,
				844C20811ECA9CC5001BB33F /* Info.plist */,
			);
			path = YuejianSportsUITests;
			sourceTree = "<group>";
		};
		844C20921ECAC7DA001BB33F /* controller */ = {
			isa = PBXGroup;
			children = (
				3F5F53ED1ECC421100CC7F38 /* CustomNav */,
				3F5F53E61ECC3AC100CC7F38 /* BaseViewController */,
				844C20C61ECAE4A7001BB33F /* HorizontalFlowLayout.h */,
				844C20C71ECAE4A7001BB33F /* HorizontalFlowLayout.m */,
				844C208F1ECAC7C3001BB33F /* expertViewController.h */,
				844C20901ECAC7C3001BB33F /* expertViewController.m */,
				844C20931ECAC992001BB33F /* mineViewController.h */,
				844C20941ECAC992001BB33F /* mineViewController.m */,
				84557E241ECC1AD40036235F /* couseViewController.h */,
				84557E251ECC1AD40036235F /* couseViewController.m */,
			);
			path = controller;
			sourceTree = "<group>";
		};
		844C20C11ECADE89001BB33F /* cell */ = {
			isa = PBXGroup;
			children = (
				844C20C21ECADEB3001BB33F /* homeCollectionViewCell.h */,
				844C20C31ECADEB3001BB33F /* homeCollectionViewCell.m */,
			);
			path = cell;
			sourceTree = "<group>";
		};
/* End PBXGroup section */

/* Begin PBXNativeTarget section */
		844C20561ECA9CC4001BB33F /* YuejianSports */ = {
			isa = PBXNativeTarget;
			buildConfigurationList = 844C20841ECA9CC5001BB33F /* Build configuration list for PBXNativeTarget "YuejianSports" */;
			buildPhases = (
				844C20531ECA9CC4001BB33F /* Sources */,
				844C20541ECA9CC4001BB33F /* Frameworks */,
				844C20551ECA9CC4001BB33F /* Resources */,
			);
			buildRules = (
			);
			dependencies = (
			);
			name = YuejianSports;
			productName = YuejianSports;
			productReference = 844C20571ECA9CC4001BB33F /* YuejianSports.app */;
			productType = "com.apple.product-type.application";
		};
		844C206F1ECA9CC5001BB33F /* YuejianSportsTests */ = {
			isa = PBXNativeTarget;
			buildConfigurationList = 844C20871ECA9CC5001BB33F /* Build configuration list for PBXNativeTarget "YuejianSportsTests" */;
			buildPhases = (
				844C206C1ECA9CC5001BB33F /* Sources */,
				844C206D1ECA9CC5001BB33F /* Frameworks */,
				844C206E1ECA9CC5001BB33F /* Resources */,
			);
			buildRules = (
			);
			dependencies = (
				844C20721ECA9CC5001BB33F /* PBXTargetDependency */,
			);
			name = YuejianSportsTests;
			productName = YuejianSportsTests;
			productReference = 844C20701ECA9CC5001BB33F /* YuejianSportsTests.xctest */;
			productType = "com.apple.product-type.bundle.unit-test";
		};
		844C207A1ECA9CC5001BB33F /* YuejianSportsUITests */ = {
			isa = PBXNativeTarget;
			buildConfigurationList = 844C208A1ECA9CC5001BB33F /* Build configuration list for PBXNativeTarget "YuejianSportsUITests" */;
			buildPhases = (
				844C20771ECA9CC5001BB33F /* Sources */,
				844C20781ECA9CC5001BB33F /* Frameworks */,
				844C20791ECA9CC5001BB33F /* Resources */,
			);
			buildRules = (
			);
			dependencies = (
				844C207D1ECA9CC5001BB33F /* PBXTargetDependency */,
			);
			name = YuejianSportsUITests;
			productName = YuejianSportsUITests;
			productReference = 844C207B1ECA9CC5001BB33F /* YuejianSportsUITests.xctest */;
			productType = "com.apple.product-type.bundle.ui-testing";
		};
/* End PBXNativeTarget section */

/* Begin PBXProject section */
		844C204F1ECA9CC4001BB33F /* Project object */ = {
			isa = PBXProject;
			attributes = {
				LastUpgradeCheck = 0810;
				ORGANIZATIONNAME = "wang yan";
				TargetAttributes = {
					844C20561ECA9CC4001BB33F = {
						CreatedOnToolsVersion = 8.1;
						DevelopmentTeam = M6G67YJ85X;
						ProvisioningStyle = Automatic;
					};
					844C206F1ECA9CC5001BB33F = {
						CreatedOnToolsVersion = 8.1;
						ProvisioningStyle = Automatic;
						TestTargetID = 844C20561ECA9CC4001BB33F;
					};
					844C207A1ECA9CC5001BB33F = {
						CreatedOnToolsVersion = 8.1;
						ProvisioningStyle = Automatic;
						TestTargetID = 844C20561ECA9CC4001BB33F;
					};
				};
			};
			buildConfigurationList = 844C20521ECA9CC4001BB33F /* Build configuration list for PBXProject "YuejianSports" */;
			compatibilityVersion = "Xcode 3.2";
			developmentRegion = English;
			hasScannedForEncodings = 0;
			knownRegions = (
				en,
				Base,
			);
			mainGroup = 844C204E1ECA9CC4001BB33F;
			productRefGroup = 844C20581ECA9CC4001BB33F /* Products */;
			projectDirPath = "";
			projectRoot = "";
			targets = (
				844C20561ECA9CC4001BB33F /* YuejianSports */,
				844C206F1ECA9CC5001BB33F /* YuejianSportsTests */,
				844C207A1ECA9CC5001BB33F /* YuejianSportsUITests */,
			);
		};
/* End PBXProject section */

/* Begin PBXResourcesBuildPhase section */
		844C20551ECA9CC4001BB33F /* Resources */ = {
			isa = PBXResourcesBuildPhase;
			buildActionMask = 2147483647;
			files = (
				844C206A1ECA9CC5001BB33F /* LaunchScreen.storyboard in Resources */,
				844C20671ECA9CC5001BB33F /* Assets.xcassets in Resources */,
				3F5F53D71ECC333B00CC7F38 /* LICENSE in Resources */,
				844C20651ECA9CC5001BB33F /* Main.storyboard in Resources */,
			);
			runOnlyForDeploymentPostprocessing = 0;
		};
		844C206E1ECA9CC5001BB33F /* Resources */ = {
			isa = PBXResourcesBuildPhase;
			buildActionMask = 2147483647;
			files = (
			);
			runOnlyForDeploymentPostprocessing = 0;
		};
		844C20791ECA9CC5001BB33F /* Resources */ = {
			isa = PBXResourcesBuildPhase;
			buildActionMask = 2147483647;
			files = (
			);
			runOnlyForDeploymentPostprocessing = 0;
		};
/* End PBXResourcesBuildPhase section */

/* Begin PBXSourcesBuildPhase section */
		844C20531ECA9CC4001BB33F /* Sources */ = {
			isa = PBXSourcesBuildPhase;
			buildActionMask = 2147483647;
			files = (
				3F5F53E01ECC333B00CC7F38 /* View+MASAdditions.m in Sources */,
				844C20911ECAC7C3001BB33F /* expertViewController.m in Sources */,
				844C20951ECAC992001BB33F /* mineViewController.m in Sources */,
				3F5F53E21ECC333B00CC7F38 /* README.md in Sources */,
				844C20621ECA9CC5001BB33F /* ViewController.m in Sources */,
				3F5F53E11ECC333B00CC7F38 /* ViewController+MASAdditions.m in Sources */,
				3F5F53E91ECC3AC100CC7F38 /* ViewControllerNavBarHiddenConfiguation.m in Sources */,
				3F5F53DC1ECC333B00CC7F38 /* MASViewAttribute.m in Sources */,
				3F5F53D81ECC333B00CC7F38 /* MASCompositeConstraint.m in Sources */,
				844C205F1ECA9CC5001BB33F /* AppDelegate.m in Sources */,
				844C20C81ECAE4A7001BB33F /* HorizontalFlowLayout.m in Sources */,
				3F5F53DA1ECC333B00CC7F38 /* MASConstraintMaker.m in Sources */,
				3F5F53D91ECC333B00CC7F38 /* MASConstraint.m in Sources */,
				3F5F53DF1ECC333B00CC7F38 /* NSLayoutConstraint+MASDebugAdditions.m in Sources */,
				3F5F53DB1ECC333B00CC7F38 /* MASLayoutConstraint.m in Sources */,
				3F5F53DE1ECC333B00CC7F38 /* NSArray+MASAdditions.m in Sources */,
				84557E261ECC1AD40036235F /* couseViewController.m in Sources */,
				844C20C41ECADEB3001BB33F /* homeCollectionViewCell.m in Sources */,
				3F5F53F01ECC424000CC7F38 /* CustomNavigationBar.m in Sources */,
				844C205C1ECA9CC4001BB33F /* main.m in Sources */,
				3F5F53DD1ECC333B00CC7F38 /* MASViewConstraint.m in Sources */,
				3F5F53EC1ECC3AD200CC7F38 /* BaseViewController.m in Sources */,
			);
			runOnlyForDeploymentPostprocessing = 0;
		};
		844C206C1ECA9CC5001BB33F /* Sources */ = {
			isa = PBXSourcesBuildPhase;
			buildActionMask = 2147483647;
			files = (
				844C20751ECA9CC5001BB33F /* YuejianSportsTests.m in Sources */,
			);
			runOnlyForDeploymentPostprocessing = 0;
		};
		844C20771ECA9CC5001BB33F /* Sources */ = {
			isa = PBXSourcesBuildPhase;
			buildActionMask = 2147483647;
			files = (
				844C20801ECA9CC5001BB33F /* YuejianSportsUITests.m in Sources */,
			);
			runOnlyForDeploymentPostprocessing = 0;
		};
/* End PBXSourcesBuildPhase section */

/* Begin PBXTargetDependency section */
		844C20721ECA9CC5001BB33F /* PBXTargetDependency */ = {
			isa = PBXTargetDependency;
			target = 844C20561ECA9CC4001BB33F /* YuejianSports */;
			targetProxy = 844C20711ECA9CC5001BB33F /* PBXContainerItemProxy */;
		};
		844C207D1ECA9CC5001BB33F /* PBXTargetDependency */ = {
			isa = PBXTargetDependency;
			target = 844C20561ECA9CC4001BB33F /* YuejianSports */;
			targetProxy = 844C207C1ECA9CC5001BB33F /* PBXContainerItemProxy */;
		};
/* End PBXTargetDependency section */

/* Begin PBXVariantGroup section */
		844C20631ECA9CC5001BB33F /* Main.storyboard */ = {
			isa = PBXVariantGroup;
			children = (
				844C20641ECA9CC5001BB33F /* Base */,
			);
			name = Main.storyboard;
			sourceTree = "<group>";
		};
		844C20681ECA9CC5001BB33F /* LaunchScreen.storyboard */ = {
			isa = PBXVariantGroup;
			children = (
				844C20691ECA9CC5001BB33F /* Base */,
			);
			name = LaunchScreen.storyboard;
			sourceTree = "<group>";
		};
/* End PBXVariantGroup section */

/* Begin XCBuildConfiguration section */
		844C20821ECA9CC5001BB33F /* Debug */ = {
			isa = XCBuildConfiguration;
			buildSettings = {
				ALWAYS_SEARCH_USER_PATHS = NO;
				CLANG_ANALYZER_NONNULL = YES;
				CLANG_CXX_LANGUAGE_STANDARD = "gnu++0x";
				CLANG_CXX_LIBRARY = "libc++";
				CLANG_ENABLE_MODULES = YES;
				CLANG_ENABLE_OBJC_ARC = YES;
				CLANG_WARN_BOOL_CONVERSION = YES;
				CLANG_WARN_CONSTANT_CONVERSION = YES;
				CLANG_WARN_DIRECT_OBJC_ISA_USAGE = YES_ERROR;
				CLANG_WARN_DOCUMENTATION_COMMENTS = YES;
				CLANG_WARN_EMPTY_BODY = YES;
				CLANG_WARN_ENUM_CONVERSION = YES;
				CLANG_WARN_INFINITE_RECURSION = YES;
				CLANG_WARN_INT_CONVERSION = YES;
				CLANG_WARN_OBJC_ROOT_CLASS = YES_ERROR;
				CLANG_WARN_SUSPICIOUS_MOVES = YES;
				CLANG_WARN_UNREACHABLE_CODE = YES;
				CLANG_WARN__DUPLICATE_METHOD_MATCH = YES;
				"CODE_SIGN_IDENTITY[sdk=iphoneos*]" = "iPhone Developer";
				COPY_PHASE_STRIP = NO;
				DEBUG_INFORMATION_FORMAT = dwarf;
				ENABLE_STRICT_OBJC_MSGSEND = YES;
				ENABLE_TESTABILITY = YES;
				GCC_C_LANGUAGE_STANDARD = gnu99;
				GCC_DYNAMIC_NO_PIC = NO;
				GCC_NO_COMMON_BLOCKS = YES;
				GCC_OPTIMIZATION_LEVEL = 0;
				GCC_PREPROCESSOR_DEFINITIONS = (
					"DEBUG=1",
					"$(inherited)",
				);
				GCC_WARN_64_TO_32_BIT_CONVERSION = YES;
				GCC_WARN_ABOUT_RETURN_TYPE = YES_ERROR;
				GCC_WARN_UNDECLARED_SELECTOR = YES;
				GCC_WARN_UNINITIALIZED_AUTOS = YES_AGGRESSIVE;
				GCC_WARN_UNUSED_FUNCTION = YES;
				GCC_WARN_UNUSED_VARIABLE = YES;
				IPHONEOS_DEPLOYMENT_TARGET = 10.1;
				MTL_ENABLE_DEBUG_INFO = YES;
				ONLY_ACTIVE_ARCH = YES;
				SDKROOT = iphoneos;
				TARGETED_DEVICE_FAMILY = "1,2";
			};
			name = Debug;
		};
		844C20831ECA9CC5001BB33F /* Release */ = {
			isa = XCBuildConfiguration;
			buildSettings = {
				ALWAYS_SEARCH_USER_PATHS = NO;
				CLANG_ANALYZER_NONNULL = YES;
				CLANG_CXX_LANGUAGE_STANDARD = "gnu++0x";
				CLANG_CXX_LIBRARY = "libc++";
				CLANG_ENABLE_MODULES = YES;
				CLANG_ENABLE_OBJC_ARC = YES;
				CLANG_WARN_BOOL_CONVERSION = YES;
				CLANG_WARN_CONSTANT_CONVERSION = YES;
				CLANG_WARN_DIRECT_OBJC_ISA_USAGE = YES_ERROR;
				CLANG_WARN_DOCUMENTATION_COMMENTS = YES;
				CLANG_WARN_EMPTY_BODY = YES;
				CLANG_WARN_ENUM_CONVERSION = YES;
				CLANG_WARN_INFINITE_RECURSION = YES;
				CLANG_WARN_INT_CONVERSION = YES;
				CLANG_WARN_OBJC_ROOT_CLASS = YES_ERROR;
				CLANG_WARN_SUSPICIOUS_MOVES = YES;
				CLANG_WARN_UNREACHABLE_CODE = YES;
				CLANG_WARN__DUPLICATE_METHOD_MATCH = YES;
				"CODE_SIGN_IDENTITY[sdk=iphoneos*]" = "iPhone Developer";
				COPY_PHASE_STRIP = NO;
				DEBUG_INFORMATION_FORMAT = "dwarf-with-dsym";
				ENABLE_NS_ASSERTIONS = NO;
				ENABLE_STRICT_OBJC_MSGSEND = YES;
				GCC_C_LANGUAGE_STANDARD = gnu99;
				GCC_NO_COMMON_BLOCKS = YES;
				GCC_WARN_64_TO_32_BIT_CONVERSION = YES;
				GCC_WARN_ABOUT_RETURN_TYPE = YES_ERROR;
				GCC_WARN_UNDECLARED_SELECTOR = YES;
				GCC_WARN_UNINITIALIZED_AUTOS = YES_AGGRESSIVE;
				GCC_WARN_UNUSED_FUNCTION = YES;
				GCC_WARN_UNUSED_VARIABLE = YES;
				IPHONEOS_DEPLOYMENT_TARGET = 10.1;
				MTL_ENABLE_DEBUG_INFO = NO;
				SDKROOT = iphoneos;
				TARGETED_DEVICE_FAMILY = "1,2";
				VALIDATE_PRODUCT = YES;
			};
			name = Release;
		};
		844C20851ECA9CC5001BB33F /* Debug */ = {
			isa = XCBuildConfiguration;
			buildSettings = {
				ASSETCATALOG_COMPILER_APPICON_NAME = AppIcon;
				DEVELOPMENT_TEAM = M6G67YJ85X;
				GCC_PREFIX_HEADER = "$(SRCROOT)/YuejianSports/Header.h";
				INFOPLIST_FILE = YuejianSports/Info.plist;
				LD_RUNPATH_SEARCH_PATHS = "$(inherited) @executable_path/Frameworks";
				PRODUCT_BUNDLE_IDENTIFIER = topwellsoft.YuejianSports;
				PRODUCT_NAME = "$(TARGET_NAME)";
			};
			name = Debug;
		};
		844C20861ECA9CC5001BB33F /* Release */ = {
			isa = XCBuildConfiguration;
			buildSettings = {
				ASSETCATALOG_COMPILER_APPICON_NAME = AppIcon;
				DEVELOPMENT_TEAM = M6G67YJ85X;
				GCC_PREFIX_HEADER = "$(SRCROOT)/YuejianSports/Header.h";
				INFOPLIST_FILE = YuejianSports/Info.plist;
				LD_RUNPATH_SEARCH_PATHS = "$(inherited) @executable_path/Frameworks";
				PRODUCT_BUNDLE_IDENTIFIER = topwellsoft.YuejianSports;
				PRODUCT_NAME = "$(TARGET_NAME)";
			};
			name = Release;
		};
		844C20881ECA9CC5001BB33F /* Debug */ = {
			isa = XCBuildConfiguration;
			buildSettings = {
				BUNDLE_LOADER = "$(TEST_HOST)";
				INFOPLIST_FILE = YuejianSportsTests/Info.plist;
				LD_RUNPATH_SEARCH_PATHS = "$(inherited) @executable_path/Frameworks @loader_path/Frameworks";
				PRODUCT_BUNDLE_IDENTIFIER = topwellsoft.YuejianSportsTests;
				PRODUCT_NAME = "$(TARGET_NAME)";
				TEST_HOST = "$(BUILT_PRODUCTS_DIR)/YuejianSports.app/YuejianSports";
			};
			name = Debug;
		};
		844C20891ECA9CC5001BB33F /* Release */ = {
			isa = XCBuildConfiguration;
			buildSettings = {
				BUNDLE_LOADER = "$(TEST_HOST)";
				INFOPLIST_FILE = YuejianSportsTests/Info.plist;
				LD_RUNPATH_SEARCH_PATHS = "$(inherited) @executable_path/Frameworks @loader_path/Frameworks";
				PRODUCT_BUNDLE_IDENTIFIER = topwellsoft.YuejianSportsTests;
				PRODUCT_NAME = "$(TARGET_NAME)";
				TEST_HOST = "$(BUILT_PRODUCTS_DIR)/YuejianSports.app/YuejianSports";
			};
			name = Release;
		};
		844C208B1ECA9CC5001BB33F /* Debug */ = {
			isa = XCBuildConfiguration;
			buildSettings = {
				INFOPLIST_FILE = YuejianSportsUITests/Info.plist;
				LD_RUNPATH_SEARCH_PATHS = "$(inherited) @executable_path/Frameworks @loader_path/Frameworks";
				PRODUCT_BUNDLE_IDENTIFIER = topwellsoft.YuejianSportsUITests;
				PRODUCT_NAME = "$(TARGET_NAME)";
				TEST_TARGET_NAME = YuejianSports;
			};
			name = Debug;
		};
		844C208C1ECA9CC5001BB33F /* Release */ = {
			isa = XCBuildConfiguration;
			buildSettings = {
				INFOPLIST_FILE = YuejianSportsUITests/Info.plist;
				LD_RUNPATH_SEARCH_PATHS = "$(inherited) @executable_path/Frameworks @loader_path/Frameworks";
				PRODUCT_BUNDLE_IDENTIFIER = topwellsoft.YuejianSportsUITests;
				PRODUCT_NAME = "$(TARGET_NAME)";
				TEST_TARGET_NAME = YuejianSports;
			};
			name = Release;
		};
/* End XCBuildConfiguration section */

/* Begin XCConfigurationList section */
		844C20521ECA9CC4001BB33F /* Build configuration list for PBXProject "YuejianSports" */ = {
			isa = XCConfigurationList;
			buildConfigurations = (
				844C20821ECA9CC5001BB33F /* Debug */,
				844C20831ECA9CC5001BB33F /* Release */,
			);
			defaultConfigurationIsVisible = 0;
			defaultConfigurationName = Release;
		};
		844C20841ECA9CC5001BB33F /* Build configuration list for PBXNativeTarget "YuejianSports" */ = {
			isa = XCConfigurationList;
			buildConfigurations = (
				844C20851ECA9CC5001BB33F /* Debug */,
				844C20861ECA9CC5001BB33F /* Release */,
			);
			defaultConfigurationIsVisible = 0;
			defaultConfigurationName = Release;
		};
		844C20871ECA9CC5001BB33F /* Build configuration list for PBXNativeTarget "YuejianSportsTests" */ = {
			isa = XCConfigurationList;
			buildConfigurations = (
				844C20881ECA9CC5001BB33F /* Debug */,
				844C20891ECA9CC5001BB33F /* Release */,
			);
			defaultConfigurationIsVisible = 0;
			defaultConfigurationName = Release;
		};
		844C208A1ECA9CC5001BB33F /* Build configuration list for PBXNativeTarget "YuejianSportsUITests" */ = {
			isa = XCConfigurationList;
			buildConfigurations = (
				844C208B1ECA9CC5001BB33F /* Debug */,
				844C208C1ECA9CC5001BB33F /* Release */,
			);
			defaultConfigurationIsVisible = 0;
			defaultConfigurationName = Release;
		};
/* End XCConfigurationList section */
	};
	rootObject = 844C204F1ECA9CC4001BB33F /* Project object */;
}
